<?xml version="1.0" encoding="utf-8"?>
<Project ToolsVersion="4.0" xmlns="http://schemas.microsoft.com/developer/msbuild/2003">
  <ItemGroup>
    <Filter Include="1. Communication w/ USB Stack Below">
      <UniqueIdentifier>{a1d3523b-5283-4367-8d59-99c5eb0a97be}</UniqueIdentifier>
    </Filter>
    <Filter Include="3. Core Driver Functionality">
      <UniqueIdentifier>{c380e201-b83f-499f-880a-e5670d4786c4}</UniqueIdentifier>
    </Filter>
    <Filter Include="4. Communication w/ USB Stack Above">
      <UniqueIdentifier>{61b4535a-c198-42fa-b7c9-f02d00211f59}</UniqueIdentifier>
    </Filter>
    <Filter Include="2. Communication with User Configurator">
      <UniqueIdentifier>{9a2f7a8c-6d6d-44b5-b9b7-f0c4126f6950}</UniqueIdentifier>
    </Filter>
    <Filter Include="5. Public Header Files">
      <UniqueIdentifier>{93995380-89BD-4b04-88EB-625FBE52EBFB}</UniqueIdentifier>
      <Extensions>h;hpp;hxx;hm;inl;inc;xsd</Extensions>
    </Filter>
    <Filter Include="6. Driver Files">
      <UniqueIdentifier>{8E41214B-6785-4CFE-B992-037D68949A14}</UniqueIdentifier>
      <Extensions>inf;inv;inx;mof;mc;</Extensions>
    </Filter>
  </ItemGroup>
  <ItemGroup>
    <Inf Include="Keystone.inf">
      <Filter>6. Driver Files</Filter>
    </Inf>
  </ItemGroup>
  <ItemGroup>
    <ClInclude Include="Public.h">
      <Filter>5. Public Header Files</Filter>
    </ClInclude>
    <ClInclude Include="Log.h">
      <Filter>5. Public Header Files</Filter>
    </ClInclude>
    <ClInclude Include="Apple.h">
      <Filter>1. Communication w/ USB Stack Below</Filter>
    </ClInclude>
    <ClInclude Include="Configuration.h">
      <Filter>1. Communication w/ USB Stack Below</Filter>
    </ClInclude>
    <ClInclude Include="UrbSend.h">
      <Filter>1. Communication w/ USB Stack Below</Filter>
    </ClInclude>
    <ClInclude Include="Device.h">
      <Filter>3. Core Driver Functionality</Filter>
    </ClInclude>
    <ClInclude Include="Driver.h">
      <Filter>3. Core Driver Functionality</Filter>
    </ClInclude>
    <ClInclude Include="Child.h">
      <Filter>3. Core Driver Functionality</Filter>
    </ClInclude>
    <ClInclude Include="Functions.h">
      <Filter>3. Core Driver Functionality</Filter>
    </ClInclude>
    <ClInclude Include="UrbHandle.h">
      <Filter>4. Communication w/ USB Stack Above</Filter>
    </ClInclude>
    <ClInclude Include="ChildQueue.h">
      <Filter>4. Communication w/ USB Stack Above</Filter>
    </ClInclude>
    <ClInclude Include="Queue.h">
      <Filter>2. Communication with User Configurator</Filter>
    </ClInclude>
    <ClInclude Include="Capabilities.h">
      <Filter>5. Public Header Files</Filter>
    </ClInclude>
  </ItemGroup>
  <ItemGroup>
    <ClCompile Include="Apple.c">
      <Filter>1. Communication w/ USB Stack Below</Filter>
    </ClCompile>
    <ClCompile Include="Configuration.c">
      <Filter>1. Communication w/ USB Stack Below</Filter>
    </ClCompile>
    <ClCompile Include="UrbSend.c">
      <Filter>1. Communication w/ USB Stack Below</Filter>
    </ClCompile>
    <ClCompile Include="Device.c">
      <Filter>3. Core Driver Functionality</Filter>
    </ClCompile>
    <ClCompile Include="Driver.c">
      <Filter>3. Core Driver Functionality</Filter>
    </ClCompile>
    <ClCompile Include="Child.c">
      <Filter>3. Core Driver Functionality</Filter>
    </ClCompile>
    <ClCompile Include="Functions.c">
      <Filter>3. Core Driver Functionality</Filter>
    </ClCompile>
    <ClCompile Include="UrbHandle.c">
      <Filter>4. Communication w/ USB Stack Above</Filter>
    </ClCompile>
    <ClCompile Include="ChildQueue.c">
      <Filter>4. Communication w/ USB Stack Above</Filter>
    </ClCompile>
    <ClCompile Include="Queue.c">
      <Filter>2. Communication with User Configurator</Filter>
    </ClCompile>
  </ItemGroup>
  <ItemGroup>
    <None Include="cpp.hint" />
  </ItemGroup>
</Project>